
Microsoft Visual Studio Solution File, Format Version 12.00
Project("{FAE04EC0-301F-11D3-BF4B-00C04F79EFBC}") = "OnlineLearningApp.Api", "src\OnlineLearningApp.Api\OnlineLearningApp.Api.csproj", "{53DB20B4-664C-4C92-94B4-DDCFB9764FE9}"
EndProject
Global
	GlobalSection(SolutionConfigurationPlatforms) = preSolution
		Debug|Any CPU = Debug|Any CPU
		Release|Any CPU = Release|Any CPU
	EndGlobalSection
	GlobalSection(ProjectConfigurationPlatforms) = postSolution
		{53DB20B4-664C-4C92-94B4-DDCFB9764FE9}.Debug|Any CPU.ActiveCfg = Debug|Any CPU
		{53DB20B4-664C-4C92-94B4-DDCFB9764FE9}.Debug|Any CPU.Build.0 = Debug|Any CPU
		{53DB20B4-664C-4C92-94B4-DDCFB9764FE9}.Release|Any CPU.ActiveCfg = Release|Any CPU
		{53DB20B4-664C-4C92-94B4-DDCFB9764FE9}.Release|Any CPU.Build.0 = Release|Any CPU
	EndGlobalSection
EndGlobal
